
Microsoft Visual Studio Solution File, Format Version 12.00
# Visual Studio Version 17
VisualStudioVersion = 17.0.31903.59
MinimumVisualStudioVersion = 10.0.40219.1
Project("{2150E333-8FDC-42A3-9474-1A3956D46DE8}") = "Source", "Source", "{91AE4A00-508F-4EDB-B0CB-C4ED8E8E2BAC}"
EndProject
Project("{FAE04EC0-301F-11D3-BF4B-00C04F79EFBC}") = "Padutronics.Wpf.Navigation", "Source\Padutronics.Wpf.Navigation\Padutronics.Wpf.Navigation.csproj", "{985E229C-62FC-4AB2-9BBD-D9FA2560F297}"
EndProject
Global
	GlobalSection(SolutionConfigurationPlatforms) = preSolution
		Debug|Any CPU = Debug|Any CPU
		Release|Any CPU = Release|Any CPU
	EndGlobalSection
	GlobalSection(SolutionProperties) = preSolution
		HideSolutionNode = FALSE
	EndGlobalSection
	GlobalSection(ProjectConfigurationPlatforms) = postSolution
		{985E229C-62FC-4AB2-9BBD-D9FA2560F297}.Debug|Any CPU.ActiveCfg = Debug|Any CPU
		{985E229C-62FC-4AB2-9BBD-D9FA2560F297}.Debug|Any CPU.Build.0 = Debug|Any CPU
		{985E229C-62FC-4AB2-9BBD-D9FA2560F297}.Release|Any CPU.ActiveCfg = Release|Any CPU
		{985E229C-62FC-4AB2-9BBD-D9FA2560F297}.Release|Any CPU.Build.0 = Release|Any CPU
	EndGlobalSection
	GlobalSection(NestedProjects) = preSolution
		{985E229C-62FC-4AB2-9BBD-D9FA2560F297} = {91AE4A00-508F-4EDB-B0CB-C4ED8E8E2BAC}
	EndGlobalSection
EndGlobal
